// !$*UTF8*$!
{
	archiveVersion = 1;
	classes = {
	};
	objectVersion = 46;
	objects = {

/* Begin PBXBuildFile section */
		529D82861B74F51C00EEC7FB /* MJHTTPOfflineCacheSessionManager.m in Sources */ = {isa = PBXBuildFile; fileRef = 529D82851B74F51C00EEC7FB /* MJHTTPOfflineCacheSessionManager.m */; };
		798656D645F82E974657C2EB /* libPods.a in Frameworks */ = {isa = PBXBuildFile; fileRef = DC53E33C006E2F61BAB99803 /* libPods.a */; };
		D203B7AB1BCE72F80088C315 /* MJApiSession.m in Sources */ = {isa = PBXBuildFile; fileRef = D203B7A81BCE72F80088C315 /* MJApiSession.m */; settings = {ASSET_TAGS = (); }; };
		D203B7AC1BCE72F80088C315 /* MJApiSessionOAuth.m in Sources */ = {isa = PBXBuildFile; fileRef = D203B7AA1BCE72F80088C315 /* MJApiSessionOAuth.m */; settings = {ASSET_TAGS = (); }; };
		D203B7AF1BCE74990088C315 /* MJApiClientKeychainManager.m in Sources */ = {isa = PBXBuildFile; fileRef = D203B7AE1BCE74990088C315 /* MJApiClientKeychainManager.m */; settings = {ASSET_TAGS = (); }; };
		D20428D21AC400F3002F18FD /* main.m in Sources */ = {isa = PBXBuildFile; fileRef = D20428D11AC400F3002F18FD /* main.m */; };
		D20428D51AC400F3002F18FD /* AppDelegate.m in Sources */ = {isa = PBXBuildFile; fileRef = D20428D41AC400F3002F18FD /* AppDelegate.m */; };
		D20428D81AC400F3002F18FD /* ViewController.m in Sources */ = {isa = PBXBuildFile; fileRef = D20428D71AC400F3002F18FD /* ViewController.m */; };
		D20428DB1AC400F3002F18FD /* Main.storyboard in Resources */ = {isa = PBXBuildFile; fileRef = D20428D91AC400F3002F18FD /* Main.storyboard */; };
		D20428DD1AC400F3002F18FD /* Images.xcassets in Resources */ = {isa = PBXBuildFile; fileRef = D20428DC1AC400F3002F18FD /* Images.xcassets */; };
		D20428E01AC400F3002F18FD /* LaunchScreen.xib in Resources */ = {isa = PBXBuildFile; fileRef = D20428DE1AC400F3002F18FD /* LaunchScreen.xib */; };
		D20428EC1AC400F3002F18FD /* ApiClientTests.m in Sources */ = {isa = PBXBuildFile; fileRef = D20428EB1AC400F3002F18FD /* ApiClientTests.m */; };
		D20429041AC4019D002F18FD /* MJApiClient.m in Sources */ = {isa = PBXBuildFile; fileRef = D20428F71AC4019D002F18FD /* MJApiClient.m */; };
		D20429051AC4019D002F18FD /* MJApiConstants.m in Sources */ = {isa = PBXBuildFile; fileRef = D20428F91AC4019D002F18FD /* MJApiConstants.m */; };
		D20429061AC4019D002F18FD /* MJApiRequest.m in Sources */ = {isa = PBXBuildFile; fileRef = D20428FB1AC4019D002F18FD /* MJApiRequest.m */; };
		D20429071AC4019D002F18FD /* MJApiRequestGroup.m in Sources */ = {isa = PBXBuildFile; fileRef = D20428FD1AC4019D002F18FD /* MJApiRequestGroup.m */; };
		D20429081AC4019D002F18FD /* MJApiResponse.m in Sources */ = {isa = PBXBuildFile; fileRef = D20428FF1AC4019D002F18FD /* MJApiResponse.m */; };
		D20429091AC4019D002F18FD /* MJApiUploadRequest.m in Sources */ = {isa = PBXBuildFile; fileRef = D20429011AC4019D002F18FD /* MJApiUploadRequest.m */; };
		D204290A1AC4019D002F18FD /* MJJSONResponseSerializer.m in Sources */ = {isa = PBXBuildFile; fileRef = D20429031AC4019D002F18FD /* MJJSONResponseSerializer.m */; };
		D204290E1AC401D1002F18FD /* NSString+MJApiClientMD5Hashing.m in Sources */ = {isa = PBXBuildFile; fileRef = D204290D1AC401D1002F18FD /* NSString+MJApiClientMD5Hashing.m */; };
/* End PBXBuildFile section */

/* Begin PBXContainerItemProxy section */
		D20428E61AC400F3002F18FD /* PBXContainerItemProxy */ = {
			isa = PBXContainerItemProxy;
			containerPortal = D20428C41AC400F3002F18FD /* Project object */;
			proxyType = 1;
			remoteGlobalIDString = D20428CB1AC400F3002F18FD;
			remoteInfo = ApiClient;
		};
/* End PBXContainerItemProxy section */

/* Begin PBXFileReference section */
		393DD3AE037FACCDDF86E226 /* Pods.release.xcconfig */ = {isa = PBXFileReference; includeInIndex = 1; lastKnownFileType = text.xcconfig; name = Pods.release.xcconfig; path = "Pods/Target Support Files/Pods/Pods.release.xcconfig"; sourceTree = "<group>"; };
		482223E83B4EE011134C6956 /* Pods.debug.xcconfig */ = {isa = PBXFileReference; includeInIndex = 1; lastKnownFileType = text.xcconfig; name = Pods.debug.xcconfig; path = "Pods/Target Support Files/Pods/Pods.debug.xcconfig"; sourceTree = "<group>"; };
		529D82841B74F51C00EEC7FB /* MJHTTPOfflineCacheSessionManager.h */ = {isa = PBXFileReference; fileEncoding = 4; lastKnownFileType = sourcecode.c.h; path = MJHTTPOfflineCacheSessionManager.h; sourceTree = "<group>"; };
		529D82851B74F51C00EEC7FB /* MJHTTPOfflineCacheSessionManager.m */ = {isa = PBXFileReference; fileEncoding = 4; lastKnownFileType = sourcecode.c.objc; path = MJHTTPOfflineCacheSessionManager.m; sourceTree = "<group>"; };
		D203B7A71BCE72F80088C315 /* MJApiSession.h */ = {isa = PBXFileReference; fileEncoding = 4; lastKnownFileType = sourcecode.c.h; path = MJApiSession.h; sourceTree = "<group>"; };
		D203B7A81BCE72F80088C315 /* MJApiSession.m */ = {isa = PBXFileReference; fileEncoding = 4; lastKnownFileType = sourcecode.c.objc; path = MJApiSession.m; sourceTree = "<group>"; };
		D203B7A91BCE72F80088C315 /* MJApiSessionOAuth.h */ = {isa = PBXFileReference; fileEncoding = 4; lastKnownFileType = sourcecode.c.h; path = MJApiSessionOAuth.h; sourceTree = "<group>"; };
		D203B7AA1BCE72F80088C315 /* MJApiSessionOAuth.m */ = {isa = PBXFileReference; fileEncoding = 4; lastKnownFileType = sourcecode.c.objc; path = MJApiSessionOAuth.m; sourceTree = "<group>"; };
		D203B7AD1BCE74990088C315 /* MJApiClientKeychainManager.h */ = {isa = PBXFileReference; fileEncoding = 4; lastKnownFileType = sourcecode.c.h; path = MJApiClientKeychainManager.h; sourceTree = "<group>"; };
		D203B7AE1BCE74990088C315 /* MJApiClientKeychainManager.m */ = {isa = PBXFileReference; fileEncoding = 4; lastKnownFileType = sourcecode.c.objc; path = MJApiClientKeychainManager.m; sourceTree = "<group>"; };
		D20428CC1AC400F3002F18FD /* ApiClient.app */ = {isa = PBXFileReference; explicitFileType = wrapper.application; includeInIndex = 0; path = ApiClient.app; sourceTree = BUILT_PRODUCTS_DIR; };
		D20428D01AC400F3002F18FD /* Info.plist */ = {isa = PBXFileReference; lastKnownFileType = text.plist.xml; path = Info.plist; sourceTree = "<group>"; };
		D20428D11AC400F3002F18FD /* main.m */ = {isa = PBXFileReference; lastKnownFileType = sourcecode.c.objc; path = main.m; sourceTree = "<group>"; };
		D20428D31AC400F3002F18FD /* AppDelegate.h */ = {isa = PBXFileReference; lastKnownFileType = sourcecode.c.h; path = AppDelegate.h; sourceTree = "<group>"; };
		D20428D41AC400F3002F18FD /* AppDelegate.m */ = {isa = PBXFileReference; lastKnownFileType = sourcecode.c.objc; path = AppDelegate.m; sourceTree = "<group>"; };
		D20428D61AC400F3002F18FD /* ViewController.h */ = {isa = PBXFileReference; lastKnownFileType = sourcecode.c.h; path = ViewController.h; sourceTree = "<group>"; };
		D20428D71AC400F3002F18FD /* ViewController.m */ = {isa = PBXFileReference; lastKnownFileType = sourcecode.c.objc; path = ViewController.m; sourceTree = "<group>"; };
		D20428DA1AC400F3002F18FD /* Base */ = {isa = PBXFileReference; lastKnownFileType = file.storyboard; name = Base; path = Base.lproj/Main.storyboard; sourceTree = "<group>"; };
		D20428DC1AC400F3002F18FD /* Images.xcassets */ = {isa = PBXFileReference; lastKnownFileType = folder.assetcatalog; path = Images.xcassets; sourceTree = "<group>"; };
		D20428DF1AC400F3002F18FD /* Base */ = {isa = PBXFileReference; lastKnownFileType = file.xib; name = Base; path = Base.lproj/LaunchScreen.xib; sourceTree = "<group>"; };
		D20428E51AC400F3002F18FD /* ApiClientTests.xctest */ = {isa = PBXFileReference; explicitFileType = wrapper.cfbundle; includeInIndex = 0; path = ApiClientTests.xctest; sourceTree = BUILT_PRODUCTS_DIR; };
		D20428EA1AC400F3002F18FD /* Info.plist */ = {isa = PBXFileReference; lastKnownFileType = text.plist.xml; path = Info.plist; sourceTree = "<group>"; };
		D20428EB1AC400F3002F18FD /* ApiClientTests.m */ = {isa = PBXFileReference; lastKnownFileType = sourcecode.c.objc; path = ApiClientTests.m; sourceTree = "<group>"; };
		D20428F61AC4019D002F18FD /* MJApiClient.h */ = {isa = PBXFileReference; fileEncoding = 4; lastKnownFileType = sourcecode.c.h; path = MJApiClient.h; sourceTree = "<group>"; };
		D20428F71AC4019D002F18FD /* MJApiClient.m */ = {isa = PBXFileReference; fileEncoding = 4; lastKnownFileType = sourcecode.c.objc; path = MJApiClient.m; sourceTree = "<group>"; };
		D20428F81AC4019D002F18FD /* MJApiConstants.h */ = {isa = PBXFileReference; fileEncoding = 4; lastKnownFileType = sourcecode.c.h; path = MJApiConstants.h; sourceTree = "<group>"; };
		D20428F91AC4019D002F18FD /* MJApiConstants.m */ = {isa = PBXFileReference; fileEncoding = 4; lastKnownFileType = sourcecode.c.objc; path = MJApiConstants.m; sourceTree = "<group>"; };
		D20428FA1AC4019D002F18FD /* MJApiRequest.h */ = {isa = PBXFileReference; fileEncoding = 4; lastKnownFileType = sourcecode.c.h; path = MJApiRequest.h; sourceTree = "<group>"; };
		D20428FB1AC4019D002F18FD /* MJApiRequest.m */ = {isa = PBXFileReference; fileEncoding = 4; lastKnownFileType = sourcecode.c.objc; path = MJApiRequest.m; sourceTree = "<group>"; };
		D20428FC1AC4019D002F18FD /* MJApiRequestGroup.h */ = {isa = PBXFileReference; fileEncoding = 4; lastKnownFileType = sourcecode.c.h; path = MJApiRequestGroup.h; sourceTree = "<group>"; };
		D20428FD1AC4019D002F18FD /* MJApiRequestGroup.m */ = {isa = PBXFileReference; fileEncoding = 4; lastKnownFileType = sourcecode.c.objc; path = MJApiRequestGroup.m; sourceTree = "<group>"; };
		D20428FE1AC4019D002F18FD /* MJApiResponse.h */ = {isa = PBXFileReference; fileEncoding = 4; lastKnownFileType = sourcecode.c.h; path = MJApiResponse.h; sourceTree = "<group>"; };
		D20428FF1AC4019D002F18FD /* MJApiResponse.m */ = {isa = PBXFileReference; fileEncoding = 4; lastKnownFileType = sourcecode.c.objc; path = MJApiResponse.m; sourceTree = "<group>"; };
		D20429001AC4019D002F18FD /* MJApiUploadRequest.h */ = {isa = PBXFileReference; fileEncoding = 4; lastKnownFileType = sourcecode.c.h; path = MJApiUploadRequest.h; sourceTree = "<group>"; };
		D20429011AC4019D002F18FD /* MJApiUploadRequest.m */ = {isa = PBXFileReference; fileEncoding = 4; lastKnownFileType = sourcecode.c.objc; path = MJApiUploadRequest.m; sourceTree = "<group>"; };
		D20429021AC4019D002F18FD /* MJJSONResponseSerializer.h */ = {isa = PBXFileReference; fileEncoding = 4; lastKnownFileType = sourcecode.c.h; path = MJJSONResponseSerializer.h; sourceTree = "<group>"; };
		D20429031AC4019D002F18FD /* MJJSONResponseSerializer.m */ = {isa = PBXFileReference; fileEncoding = 4; lastKnownFileType = sourcecode.c.objc; path = MJJSONResponseSerializer.m; sourceTree = "<group>"; };
		D204290C1AC401D1002F18FD /* NSString+MJApiClientMD5Hashing.h */ = {isa = PBXFileReference; fileEncoding = 4; lastKnownFileType = sourcecode.c.h; path = "NSString+MJApiClientMD5Hashing.h"; sourceTree = "<group>"; };
		D204290D1AC401D1002F18FD /* NSString+MJApiClientMD5Hashing.m */ = {isa = PBXFileReference; fileEncoding = 4; lastKnownFileType = sourcecode.c.objc; path = "NSString+MJApiClientMD5Hashing.m"; sourceTree = "<group>"; };
		DC53E33C006E2F61BAB99803 /* libPods.a */ = {isa = PBXFileReference; explicitFileType = archive.ar; includeInIndex = 0; path = libPods.a; sourceTree = BUILT_PRODUCTS_DIR; };
/* End PBXFileReference section */

/* Begin PBXFrameworksBuildPhase section */
		D20428C91AC400F3002F18FD /* Frameworks */ = {
			isa = PBXFrameworksBuildPhase;
			buildActionMask = 2147483647;
			files = (
				798656D645F82E974657C2EB /* libPods.a in Frameworks */,
			);
			runOnlyForDeploymentPostprocessing = 0;
		};
		D20428E21AC400F3002F18FD /* Frameworks */ = {
			isa = PBXFrameworksBuildPhase;
			buildActionMask = 2147483647;
			files = (
			);
			runOnlyForDeploymentPostprocessing = 0;
		};
/* End PBXFrameworksBuildPhase section */

/* Begin PBXGroup section */
		74633B8D8D492FFFD85CE682 /* Pods */ = {
			isa = PBXGroup;
			children = (
				482223E83B4EE011134C6956 /* Pods.debug.xcconfig */,
				393DD3AE037FACCDDF86E226 /* Pods.release.xcconfig */,
			);
			name = Pods;
			sourceTree = "<group>";
		};
		A365D7B85D96BA956DE8AB3E /* Frameworks */ = {
			isa = PBXGroup;
			children = (
				DC53E33C006E2F61BAB99803 /* libPods.a */,
			);
			name = Frameworks;
			sourceTree = "<group>";
		};
		D20428C31AC400F3002F18FD = {
			isa = PBXGroup;
			children = (
				D20428CE1AC400F3002F18FD /* ApiClient */,
				D20428E81AC400F3002F18FD /* ApiClientTests */,
				D20428CD1AC400F3002F18FD /* Products */,
				74633B8D8D492FFFD85CE682 /* Pods */,
				A365D7B85D96BA956DE8AB3E /* Frameworks */,
			);
			sourceTree = "<group>";
		};
		D20428CD1AC400F3002F18FD /* Products */ = {
			isa = PBXGroup;
			children = (
				D20428CC1AC400F3002F18FD /* ApiClient.app */,
				D20428E51AC400F3002F18FD /* ApiClientTests.xctest */,
			);
			name = Products;
			sourceTree = "<group>";
		};
		D20428CE1AC400F3002F18FD /* ApiClient */ = {
			isa = PBXGroup;
			children = (
				D20428D31AC400F3002F18FD /* AppDelegate.h */,
				D20428D41AC400F3002F18FD /* AppDelegate.m */,
				D20428D61AC400F3002F18FD /* ViewController.h */,
				D20428D71AC400F3002F18FD /* ViewController.m */,
				D20428D91AC400F3002F18FD /* Main.storyboard */,
				D20428DC1AC400F3002F18FD /* Images.xcassets */,
				D20428DE1AC400F3002F18FD /* LaunchScreen.xib */,
				D20428F51AC4019D002F18FD /* Source Code */,
				D20428CF1AC400F3002F18FD /* Supporting Files */,
			);
			path = ApiClient;
			sourceTree = "<group>";
		};
		D20428CF1AC400F3002F18FD /* Supporting Files */ = {
			isa = PBXGroup;
			children = (
				D20428D01AC400F3002F18FD /* Info.plist */,
				D20428D11AC400F3002F18FD /* main.m */,
			);
			name = "Supporting Files";
			sourceTree = "<group>";
		};
		D20428E81AC400F3002F18FD /* ApiClientTests */ = {
			isa = PBXGroup;
			children = (
				D20428EB1AC400F3002F18FD /* ApiClientTests.m */,
				D20428E91AC400F3002F18FD /* Supporting Files */,
			);
			path = ApiClientTests;
			sourceTree = "<group>";
		};
		D20428E91AC400F3002F18FD /* Supporting Files */ = {
			isa = PBXGroup;
			children = (
				D20428EA1AC400F3002F18FD /* Info.plist */,
			);
			name = "Supporting Files";
			sourceTree = "<group>";
		};
		D20428F51AC4019D002F18FD /* Source Code */ = {
			isa = PBXGroup;
			children = (
				D204290B1AC401D1002F18FD /* Helpers */,
				D20428F61AC4019D002F18FD /* MJApiClient.h */,
				D20428F71AC4019D002F18FD /* MJApiClient.m */,
				D20428F81AC4019D002F18FD /* MJApiConstants.h */,
				D20428F91AC4019D002F18FD /* MJApiConstants.m */,
				D20428FA1AC4019D002F18FD /* MJApiRequest.h */,
				D20428FB1AC4019D002F18FD /* MJApiRequest.m */,
				D20429001AC4019D002F18FD /* MJApiUploadRequest.h */,
				D20429011AC4019D002F18FD /* MJApiUploadRequest.m */,
				D20428FC1AC4019D002F18FD /* MJApiRequestGroup.h */,
				D20428FD1AC4019D002F18FD /* MJApiRequestGroup.m */,
				D20428FE1AC4019D002F18FD /* MJApiResponse.h */,
				D20428FF1AC4019D002F18FD /* MJApiResponse.m */,
				D20429021AC4019D002F18FD /* MJJSONResponseSerializer.h */,
				D20429031AC4019D002F18FD /* MJJSONResponseSerializer.m */,
				529D82841B74F51C00EEC7FB /* MJHTTPOfflineCacheSessionManager.h */,
				529D82851B74F51C00EEC7FB /* MJHTTPOfflineCacheSessionManager.m */,
				D203B7A71BCE72F80088C315 /* MJApiSession.h */,
				D203B7A81BCE72F80088C315 /* MJApiSession.m */,
				D203B7A91BCE72F80088C315 /* MJApiSessionOAuth.h */,
				D203B7AA1BCE72F80088C315 /* MJApiSessionOAuth.m */,
			);
			name = "Source Code";
			path = "../../Source Code";
			sourceTree = "<group>";
		};
		D204290B1AC401D1002F18FD /* Helpers */ = {
			isa = PBXGroup;
			children = (
				D203B7AD1BCE74990088C315 /* MJApiClientKeychainManager.h */,
				D203B7AE1BCE74990088C315 /* MJApiClientKeychainManager.m */,
				D204290C1AC401D1002F18FD /* NSString+MJApiClientMD5Hashing.h */,
				D204290D1AC401D1002F18FD /* NSString+MJApiClientMD5Hashing.m */,
			);
			path = Helpers;
			sourceTree = "<group>";
		};
/* End PBXGroup section */

/* Begin PBXNativeTarget section */
		D20428CB1AC400F3002F18FD /* ApiClient */ = {
			isa = PBXNativeTarget;
			buildConfigurationList = D20428EF1AC400F3002F18FD /* Build configuration list for PBXNativeTarget "ApiClient" */;
			buildPhases = (
				38F540BFFE4A47A838822D56 /* Check Pods Manifest.lock */,
				D20428C81AC400F3002F18FD /* Sources */,
				D20428C91AC400F3002F18FD /* Frameworks */,
				D20428CA1AC400F3002F18FD /* Resources */,
				CEEB4EE408B8D5D41C5D1E07 /* Copy Pods Resources */,
			);
			buildRules = (
			);
			dependencies = (
			);
			name = ApiClient;
			productName = ApiClient;
			productReference = D20428CC1AC400F3002F18FD /* ApiClient.app */;
			productType = "com.apple.product-type.application";
		};
		D20428E41AC400F3002F18FD /* ApiClientTests */ = {
			isa = PBXNativeTarget;
			buildConfigurationList = D20428F21AC400F3002F18FD /* Build configuration list for PBXNativeTarget "ApiClientTests" */;
			buildPhases = (
				D20428E11AC400F3002F18FD /* Sources */,
				D20428E21AC400F3002F18FD /* Frameworks */,
				D20428E31AC400F3002F18FD /* Resources */,
			);
			buildRules = (
			);
			dependencies = (
				D20428E71AC400F3002F18FD /* PBXTargetDependency */,
			);
			name = ApiClientTests;
			productName = ApiClientTests;
			productReference = D20428E51AC400F3002F18FD /* ApiClientTests.xctest */;
			productType = "com.apple.product-type.bundle.unit-test";
		};
/* End PBXNativeTarget section */

/* Begin PBXProject section */
		D20428C41AC400F3002F18FD /* Project object */ = {
			isa = PBXProject;
			attributes = {
				LastUpgradeCheck = 0700;
				ORGANIZATIONNAME = "Mobile Jazz";
				TargetAttributes = {
					D20428CB1AC400F3002F18FD = {
						CreatedOnToolsVersion = 6.2;
					};
					D20428E41AC400F3002F18FD = {
						CreatedOnToolsVersion = 6.2;
						TestTargetID = D20428CB1AC400F3002F18FD;
					};
				};
			};
			buildConfigurationList = D20428C71AC400F3002F18FD /* Build configuration list for PBXProject "ApiClient" */;
			compatibilityVersion = "Xcode 3.2";
			developmentRegion = English;
			hasScannedForEncodings = 0;
			knownRegions = (
				en,
				Base,
			);
			mainGroup = D20428C31AC400F3002F18FD;
			productRefGroup = D20428CD1AC400F3002F18FD /* Products */;
			projectDirPath = "";
			projectRoot = "";
			targets = (
				D20428CB1AC400F3002F18FD /* ApiClient */,
				D20428E41AC400F3002F18FD /* ApiClientTests */,
			);
		};
/* End PBXProject section */

/* Begin PBXResourcesBuildPhase section */
		D20428CA1AC400F3002F18FD /* Resources */ = {
			isa = PBXResourcesBuildPhase;
			buildActionMask = 2147483647;
			files = (
				D20428DB1AC400F3002F18FD /* Main.storyboard in Resources */,
				D20428E01AC400F3002F18FD /* LaunchScreen.xib in Resources */,
				D20428DD1AC400F3002F18FD /* Images.xcassets in Resources */,
			);
			runOnlyForDeploymentPostprocessing = 0;
		};
		D20428E31AC400F3002F18FD /* Resources */ = {
			isa = PBXResourcesBuildPhase;
			buildActionMask = 2147483647;
			files = (
			);
			runOnlyForDeploymentPostprocessing = 0;
		};
/* End PBXResourcesBuildPhase section */

/* Begin PBXShellScriptBuildPhase section */
		38F540BFFE4A47A838822D56 /* Check Pods Manifest.lock */ = {
			isa = PBXShellScriptBuildPhase;
			buildActionMask = 2147483647;
			files = (
			);
			inputPaths = (
			);
			name = "Check Pods Manifest.lock";
			outputPaths = (
			);
			runOnlyForDeploymentPostprocessing = 0;
			shellPath = /bin/sh;
			shellScript = "diff \"${PODS_ROOT}/../Podfile.lock\" \"${PODS_ROOT}/Manifest.lock\" > /dev/null\nif [[ $? != 0 ]] ; then\n    cat << EOM\nerror: The sandbox is not in sync with the Podfile.lock. Run 'pod install' or update your CocoaPods installation.\nEOM\n    exit 1\nfi\n";
			showEnvVarsInLog = 0;
		};
		CEEB4EE408B8D5D41C5D1E07 /* Copy Pods Resources */ = {
			isa = PBXShellScriptBuildPhase;
			buildActionMask = 2147483647;
			files = (
			);
			inputPaths = (
			);
			name = "Copy Pods Resources";
			outputPaths = (
			);
			runOnlyForDeploymentPostprocessing = 0;
			shellPath = /bin/sh;
			shellScript = "\"${SRCROOT}/Pods/Target Support Files/Pods/Pods-resources.sh\"\n";
			showEnvVarsInLog = 0;
		};
/* End PBXShellScriptBuildPhase section */

/* Begin PBXSourcesBuildPhase section */
		D20428C81AC400F3002F18FD /* Sources */ = {
			isa = PBXSourcesBuildPhase;
			buildActionMask = 2147483647;
			files = (
				D204290E1AC401D1002F18FD /* NSString+MJApiClientMD5Hashing.m in Sources */,
				D20429041AC4019D002F18FD /* MJApiClient.m in Sources */,
				D203B7AB1BCE72F80088C315 /* MJApiSession.m in Sources */,
				D20429061AC4019D002F18FD /* MJApiRequest.m in Sources */,
				D20429091AC4019D002F18FD /* MJApiUploadRequest.m in Sources */,
				D20429081AC4019D002F18FD /* MJApiResponse.m in Sources */,
				D20428D81AC400F3002F18FD /* ViewController.m in Sources */,
				D203B7AC1BCE72F80088C315 /* MJApiSessionOAuth.m in Sources */,
				D20428D51AC400F3002F18FD /* AppDelegate.m in Sources */,
				D20428D21AC400F3002F18FD /* main.m in Sources */,
				D204290A1AC4019D002F18FD /* MJJSONResponseSerializer.m in Sources */,
				D20429071AC4019D002F18FD /* MJApiRequestGroup.m in Sources */,
				D203B7AF1BCE74990088C315 /* MJApiClientKeychainManager.m in Sources */,
				D20429051AC4019D002F18FD /* MJApiConstants.m in Sources */,
				529D82861B74F51C00EEC7FB /* MJHTTPOfflineCacheSessionManager.m in Sources */,
			);
			runOnlyForDeploymentPostprocessing = 0;
		};
		D20428E11AC400F3002F18FD /* Sources */ = {
			isa = PBXSourcesBuildPhase;
			buildActionMask = 2147483647;
			files = (
				D20428EC1AC400F3002F18FD /* ApiClientTests.m in Sources */,
			);
			runOnlyForDeploymentPostprocessing = 0;
		};
/* End PBXSourcesBuildPhase section */

/* Begin PBXTargetDependency section */
		D20428E71AC400F3002F18FD /* PBXTargetDependency */ = {
			isa = PBXTargetDependency;
			target = D20428CB1AC400F3002F18FD /* ApiClient */;
			targetProxy = D20428E61AC400F3002F18FD /* PBXContainerItemProxy */;
		};
/* End PBXTargetDependency section */

/* Begin PBXVariantGroup section */
		D20428D91AC400F3002F18FD /* Main.storyboard */ = {
			isa = PBXVariantGroup;
			children = (
				D20428DA1AC400F3002F18FD /* Base */,
			);
			name = Main.storyboard;
			sourceTree = "<group>";
		};
		D20428DE1AC400F3002F18FD /* LaunchScreen.xib */ = {
			isa = PBXVariantGroup;
			children = (
				D20428DF1AC400F3002F18FD /* Base */,
			);
			name = LaunchScreen.xib;
			sourceTree = "<group>";
		};
/* End PBXVariantGroup section */

/* Begin XCBuildConfiguration section */
		D20428ED1AC400F3002F18FD /* Debug */ = {
			isa = XCBuildConfiguration;
			buildSettings = {
				ALWAYS_SEARCH_USER_PATHS = NO;
				CLANG_CXX_LANGUAGE_STANDARD = "gnu++0x";
				CLANG_CXX_LIBRARY = "libc++";
				CLANG_ENABLE_MODULES = YES;
				CLANG_ENABLE_OBJC_ARC = YES;
				CLANG_WARN_BOOL_CONVERSION = YES;
				CLANG_WARN_CONSTANT_CONVERSION = YES;
				CLANG_WARN_DIRECT_OBJC_ISA_USAGE = YES_ERROR;
				CLANG_WARN_EMPTY_BODY = YES;
				CLANG_WARN_ENUM_CONVERSION = YES;
				CLANG_WARN_INT_CONVERSION = YES;
				CLANG_WARN_OBJC_ROOT_CLASS = YES_ERROR;
				CLANG_WARN_UNREACHABLE_CODE = YES;
				CLANG_WARN__DUPLICATE_METHOD_MATCH = YES;
				"CODE_SIGN_IDENTITY[sdk=iphoneos*]" = "iPhone Developer";
				COPY_PHASE_STRIP = NO;
				ENABLE_STRICT_OBJC_MSGSEND = YES;
				ENABLE_TESTABILITY = YES;
				GCC_C_LANGUAGE_STANDARD = gnu99;
				GCC_DYNAMIC_NO_PIC = NO;
				GCC_OPTIMIZATION_LEVEL = 0;
				GCC_PREPROCESSOR_DEFINITIONS = (
					"DEBUG=1",
					"$(inherited)",
				);
				GCC_SYMBOLS_PRIVATE_EXTERN = NO;
				GCC_WARN_64_TO_32_BIT_CONVERSION = YES;
				GCC_WARN_ABOUT_RETURN_TYPE = YES_ERROR;
				GCC_WARN_UNDECLARED_SELECTOR = YES;
				GCC_WARN_UNINITIALIZED_AUTOS = YES_AGGRESSIVE;
				GCC_WARN_UNUSED_FUNCTION = YES;
				GCC_WARN_UNUSED_VARIABLE = YES;
				IPHONEOS_DEPLOYMENT_TARGET = 8.2;
				MTL_ENABLE_DEBUG_INFO = YES;
				ONLY_ACTIVE_ARCH = YES;
				SDKROOT = iphoneos;
			};
			name = Debug;
		};
		D20428EE1AC400F3002F18FD /* Release */ = {
			isa = XCBuildConfiguration;
			buildSettings = {
				ALWAYS_SEARCH_USER_PATHS = NO;
				CLANG_CXX_LANGUAGE_STANDARD = "gnu++0x";
				CLANG_CXX_LIBRARY = "libc++";
				CLANG_ENABLE_MODULES = YES;
				CLANG_ENABLE_OBJC_ARC = YES;
				CLANG_WARN_BOOL_CONVERSION = YES;
				CLANG_WARN_CONSTANT_CONVERSION = YES;
				CLANG_WARN_DIRECT_OBJC_ISA_USAGE = YES_ERROR;
				CLANG_WARN_EMPTY_BODY = YES;
				CLANG_WARN_ENUM_CONVERSION = YES;
				CLANG_WARN_INT_CONVERSION = YES;
				CLANG_WARN_OBJC_ROOT_CLASS = YES_ERROR;
				CLANG_WARN_UNREACHABLE_CODE = YES;
				CLANG_WARN__DUPLICATE_METHOD_MATCH = YES;
				"CODE_SIGN_IDENTITY[sdk=iphoneos*]" = "iPhone Developer";
				COPY_PHASE_STRIP = NO;
				ENABLE_NS_ASSERTIONS = NO;
				ENABLE_STRICT_OBJC_MSGSEND = YES;
				GCC_C_LANGUAGE_STANDARD = gnu99;
				GCC_WARN_64_TO_32_BIT_CONVERSION = YES;
				GCC_WARN_ABOUT_RETURN_TYPE = YES_ERROR;
				GCC_WARN_UNDECLARED_SELECTOR = YES;
				GCC_WARN_UNINITIALIZED_AUTOS = YES_AGGRESSIVE;
				GCC_WARN_UNUSED_FUNCTION = YES;
				GCC_WARN_UNUSED_VARIABLE = YES;
				IPHONEOS_DEPLOYMENT_TARGET = 8.2;
				MTL_ENABLE_DEBUG_INFO = NO;
				SDKROOT = iphoneos;
				VALIDATE_PRODUCT = YES;
			};
			name = Release;
		};
		D20428F01AC400F3002F18FD /* Debug */ = {
			isa = XCBuildConfiguration;
			baseConfigurationReference = 482223E83B4EE011134C6956 /* Pods.debug.xcconfig */;
			buildSettings = {
				ASSETCATALOG_COMPILER_APPICON_NAME = AppIcon;
				INFOPLIST_FILE = ApiClient/Info.plist;
				LD_RUNPATH_SEARCH_PATHS = "$(inherited) @executable_path/Frameworks";
				PRODUCT_BUNDLE_IDENTIFIER = "com.mobilejazz.$(PRODUCT_NAME:rfc1034identifier)";
				PRODUCT_NAME = "$(TARGET_NAME)";
			};
			name = Debug;
		};
		D20428F11AC400F3002F18FD /* Release */ = {
			isa = XCBuildConfiguration;
			baseConfigurationReference = 393DD3AE037FACCDDF86E226 /* Pods.release.xcconfig */;
			buildSettings = {
				ASSETCATALOG_COMPILER_APPICON_NAME = AppIcon;
				INFOPLIST_FILE = ApiClient/Info.plist;
				LD_RUNPATH_SEARCH_PATHS = "$(inherited) @executable_path/Frameworks";
				PRODUCT_BUNDLE_IDENTIFIER = "com.mobilejazz.$(PRODUCT_NAME:rfc1034identifier)";
				PRODUCT_NAME = "$(TARGET_NAME)";
			};
			name = Release;
		};
		D20428F31AC400F3002F18FD /* Debug */ = {
			isa = XCBuildConfiguration;
			buildSettings = {
				BUNDLE_LOADER = "$(TEST_HOST)";
				FRAMEWORK_SEARCH_PATHS = (
					"$(SDKROOT)/Developer/Library/Frameworks",
					"$(inherited)",
				);
				GCC_PREPROCESSOR_DEFINITIONS = (
					"DEBUG=1",
					"$(inherited)",
				);
				INFOPLIST_FILE = ApiClientTests/Info.plist;
				LD_RUNPATH_SEARCH_PATHS = "$(inherited) @executable_path/Frameworks @loader_path/Frameworks";
				PRODUCT_BUNDLE_IDENTIFIER = "com.mobilejazz.$(PRODUCT_NAME:rfc1034identifier)";
				PRODUCT_NAME = "$(TARGET_NAME)";
				TEST_HOST = "$(BUILT_PRODUCTS_DIR)/ApiClient.app/ApiClient";
			};
			name = Debug;
		};
		D20428F41AC400F3002F18FD /* Release */ = {
			isa = XCBuildConfiguration;
			buildSettings = {
				BUNDLE_LOADER = "$(TEST_HOST)";
				FRAMEWORK_SEARCH_PATHS = (
					"$(SDKROOT)/Developer/Library/Frameworks",
					"$(inherited)",
				);
				INFOPLIST_FILE = ApiClientTests/Info.plist;
				LD_RUNPATH_SEARCH_PATHS = "$(inherited) @executable_path/Frameworks @loader_path/Frameworks";
				PRODUCT_BUNDLE_IDENTIFIER = "com.mobilejazz.$(PRODUCT_NAME:rfc1034identifier)";
				PRODUCT_NAME = "$(TARGET_NAME)";
				TEST_HOST = "$(BUILT_PRODUCTS_DIR)/ApiClient.app/ApiClient";
			};
			name = Release;
		};
/* End XCBuildConfiguration section */

/* Begin XCConfigurationList section */
		D20428C71AC400F3002F18FD /* Build configuration list for PBXProject "ApiClient" */ = {
			isa = XCConfigurationList;
			buildConfigurations = (
				D20428ED1AC400F3002F18FD /* Debug */,
				D20428EE1AC400F3002F18FD /* Release */,
			);
			defaultConfigurationIsVisible = 0;
			defaultConfigurationName = Release;
		};
		D20428EF1AC400F3002F18FD /* Build configuration list for PBXNativeTarget "ApiClient" */ = {
			isa = XCConfigurationList;
			buildConfigurations = (
				D20428F01AC400F3002F18FD /* Debug */,
				D20428F11AC400F3002F18FD /* Release */,
			);
			defaultConfigurationIsVisible = 0;
			defaultConfigurationName = Release;
		};
		D20428F21AC400F3002F18FD /* Build configuration list for PBXNativeTarget "ApiClientTests" */ = {
			isa = XCConfigurationList;
			buildConfigurations = (
				D20428F31AC400F3002F18FD /* Debug */,
				D20428F41AC400F3002F18FD /* Release */,
			);
			defaultConfigurationIsVisible = 0;
			defaultConfigurationName = Release;
		};
/* End XCConfigurationList section */
	};
	rootObject = D20428C41AC400F3002F18FD /* Project object */;
}
